
Microsoft Visual Studio Solution File, Format Version 12.00
# Visual Studio Version 17
VisualStudioVersion = 17.5.33424.131
MinimumVisualStudioVersion = 10.0.40219.1
Project("{9A19103F-16F7-4668-BE54-9A1E7A4F7556}") = "CustomOperatorEF.Module", "CustomOperatorEF.Module\CustomOperatorEF.Module.csproj", "{A12E13D6-2ECC-45D3-9474-9893E80130A8}"
EndProject
Project("{9A19103F-16F7-4668-BE54-9A1E7A4F7556}") = "CustomOperatorEF.WebApi", "CustomOperatorEF.WebApi\CustomOperatorEF.WebApi.csproj", "{969FE24A-5F20-473E-B261-454B88008F71}"
EndProject
Project("{9A19103F-16F7-4668-BE54-9A1E7A4F7556}") = "CustomOperatorEF.Win", "CustomOperatorEF.Win\CustomOperatorEF.Win.csproj", "{D04174D2-1F01-4BC3-B6AB-42BDAD1218B8}"
EndProject
Project("{9A19103F-16F7-4668-BE54-9A1E7A4F7556}") = "CustomOperatorEF.Blazor.Server", "CustomOperatorEF.Blazor.Server\CustomOperatorEF.Blazor.Server.csproj", "{B82A30CE-0408-4E78-9E1F-4BF712B62BF9}"
EndProject
Global
	GlobalSection(SolutionConfigurationPlatforms) = preSolution
		Debug|Any CPU = Debug|Any CPU
		EasyTest|Any CPU = EasyTest|Any CPU
		Release|Any CPU = Release|Any CPU
	EndGlobalSection
	GlobalSection(ProjectConfigurationPlatforms) = postSolution
		{A12E13D6-2ECC-45D3-9474-9893E80130A8}.Debug|Any CPU.ActiveCfg = Debug|Any CPU
		{A12E13D6-2ECC-45D3-9474-9893E80130A8}.Debug|Any CPU.Build.0 = Debug|Any CPU
		{A12E13D6-2ECC-45D3-9474-9893E80130A8}.EasyTest|Any CPU.ActiveCfg = EasyTest|Any CPU
		{A12E13D6-2ECC-45D3-9474-9893E80130A8}.EasyTest|Any CPU.Build.0 = EasyTest|Any CPU
		{A12E13D6-2ECC-45D3-9474-9893E80130A8}.Release|Any CPU.ActiveCfg = Release|Any CPU
		{A12E13D6-2ECC-45D3-9474-9893E80130A8}.Release|Any CPU.Build.0 = Release|Any CPU
		{969FE24A-5F20-473E-B261-454B88008F71}.Debug|Any CPU.ActiveCfg = Debug|Any CPU
		{969FE24A-5F20-473E-B261-454B88008F71}.Debug|Any CPU.Build.0 = Debug|Any CPU
		{969FE24A-5F20-473E-B261-454B88008F71}.EasyTest|Any CPU.ActiveCfg = EasyTest|Any CPU
		{969FE24A-5F20-473E-B261-454B88008F71}.EasyTest|Any CPU.Build.0 = EasyTest|Any CPU
		{969FE24A-5F20-473E-B261-454B88008F71}.Release|Any CPU.ActiveCfg = Release|Any CPU
		{969FE24A-5F20-473E-B261-454B88008F71}.Release|Any CPU.Build.0 = Release|Any CPU
		{D04174D2-1F01-4BC3-B6AB-42BDAD1218B8}.Debug|Any CPU.ActiveCfg = Debug|Any CPU
		{D04174D2-1F01-4BC3-B6AB-42BDAD1218B8}.Debug|Any CPU.Build.0 = Debug|Any CPU
		{D04174D2-1F01-4BC3-B6AB-42BDAD1218B8}.EasyTest|Any CPU.ActiveCfg = EasyTest|Any CPU
		{D04174D2-1F01-4BC3-B6AB-42BDAD1218B8}.EasyTest|Any CPU.Build.0 = EasyTest|Any CPU
		{D04174D2-1F01-4BC3-B6AB-42BDAD1218B8}.Release|Any CPU.ActiveCfg = Release|Any CPU
		{D04174D2-1F01-4BC3-B6AB-42BDAD1218B8}.Release|Any CPU.Build.0 = Release|Any CPU
		{B82A30CE-0408-4E78-9E1F-4BF712B62BF9}.Debug|Any CPU.ActiveCfg = Debug|Any CPU
		{B82A30CE-0408-4E78-9E1F-4BF712B62BF9}.Debug|Any CPU.Build.0 = Debug|Any CPU
		{B82A30CE-0408-4E78-9E1F-4BF712B62BF9}.EasyTest|Any CPU.ActiveCfg = EasyTest|Any CPU
		{B82A30CE-0408-4E78-9E1F-4BF712B62BF9}.EasyTest|Any CPU.Build.0 = EasyTest|Any CPU
		{B82A30CE-0408-4E78-9E1F-4BF712B62BF9}.Release|Any CPU.ActiveCfg = Release|Any CPU
		{B82A30CE-0408-4E78-9E1F-4BF712B62BF9}.Release|Any CPU.Build.0 = Release|Any CPU
	EndGlobalSection
	GlobalSection(SolutionProperties) = preSolution
		HideSolutionNode = FALSE
	EndGlobalSection
EndGlobal
